<?xml version="1.0" encoding="utf-8"?>
<Project ToolsVersion="4.0" xmlns="http://schemas.microsoft.com/developer/msbuild/2003">
  <ItemGroup>
    <Filter Include="Resource Files">
      <UniqueIdentifier>{67DA6AB6-F800-4c08-8B7A-83BB121AAD01}</UniqueIdentifier>
      <Extensions>rc;ico;cur;bmp;dlg;rc2;rct;bin;rgs;gif;jpg;jpeg;jpe;resx;tiff;tif;png;wav;mfcribbon-ms</Extensions>
    </Filter>
    <Filter Include="Engine">
      <UniqueIdentifier>{f80b5638-ec6a-4242-ba8f-e0cb83da378f}</UniqueIdentifier>
    </Filter>
    <Filter Include="Engine\Source Files">
      <UniqueIdentifier>{4FC737F1-C7A5-4376-A066-2A32D752A2FF}</UniqueIdentifier>
      <Extensions>cpp;c;cc;cxx;c++;cppm;ixx;def;odl;idl;hpj;bat;asm;asmx</Extensions>
    </Filter>
    <Filter Include="Engine\Header Files">
      <UniqueIdentifier>{93995380-89BD-4b04-88EB-625FBE52EBFB}</UniqueIdentifier>
      <Extensions>h;hh;hpp;hxx;h++;hm;inl;inc;ipp;xsd</Extensions>
    </Filter>
    <Filter Include="PinPong">
      <UniqueIdentifier>{a67697af-bf1e-4a6e-b9b4-7fe271011033}</UniqueIdentifier>
    </Filter>
    <Filter Include="PinPong\Header Files">
      <UniqueIdentifier>{475249e1-0e34-4906-b002-37f2600251b7}</UniqueIdentifier>
    </Filter>
    <Filter Include="PinPong\Source Files">
      <UniqueIdentifier>{6d937d48-1040-4da8-9f87-66d6987a0abe}</UniqueIdentifier>
    </Filter>
  </ItemGroup>
  <ItemGroup>
    <ClCompile Include="MySuper3DApp.cpp">
      <Filter>Engine\Source Files</Filter>
    </ClCompile>
    <ClCompile Include="DisplayWin32.cpp">
      <Filter>Engine\Source Files</Filter>
    </ClCompile>
    <ClCompile Include="GameComponent.cpp">
      <Filter>Engine\Source Files</Filter>
    </ClCompile>
    <ClCompile Include="Engine.cpp">
      <Filter>Engine\Source Files</Filter>
    </ClCompile>
    <ClCompile Include="GeometryComponent.cpp">
      <Filter>Engine\Source Files</Filter>
    </ClCompile>
    <ClCompile Include="InputDevice.cpp">
      <Filter>Engine\Source Files</Filter>
    </ClCompile>
    <ClCompile Include="Keyboard.cpp">
      <Filter>Engine\Source Files</Filter>
    </ClCompile>
    <ClCompile Include="Racket.cpp">
      <Filter>PinPong\Source Files</Filter>
    </ClCompile>
    <ClCompile Include="PinPong.cpp">
      <Filter>PinPong\Source Files</Filter>
    </ClCompile>
    <ClCompile Include="pch.cpp">
      <Filter>Engine\Source Files</Filter>
    </ClCompile>
    <ClCompile Include="Ball.cpp">
      <Filter>PinPong\Source Files</Filter>
    </ClCompile>
  </ItemGroup>
  <ItemGroup>
    <ClInclude Include="DisplayWin32.h">
      <Filter>Engine\Header Files</Filter>
    </ClInclude>
    <ClInclude Include="GameComponent.h">
      <Filter>Engine\Header Files</Filter>
    </ClInclude>
    <ClInclude Include="Engine.h">
      <Filter>Engine\Header Files</Filter>
    </ClInclude>
    <ClInclude Include="GeometryComponent.h">
      <Filter>Engine\Header Files</Filter>
    </ClInclude>
    <ClInclude Include="InputDevice.h">
      <Filter>Engine\Header Files</Filter>
    </ClInclude>
    <ClInclude Include="Shapes.h">
      <Filter>Engine\Header Files</Filter>
    </ClInclude>
    <ClInclude Include="Keyboard.h">
      <Filter>Engine\Header Files</Filter>
    </ClInclude>
    <ClInclude Include="PinPong.h">
      <Filter>PinPong\Header Files</Filter>
    </ClInclude>
    <ClInclude Include="Racket.h">
      <Filter>PinPong\Header Files</Filter>
    </ClInclude>
    <ClInclude Include="Controls.h">
      <Filter>PinPong\Header Files</Filter>
    </ClInclude>
    <ClInclude Include="pch.h">
      <Filter>Engine\Header Files</Filter>
    </ClInclude>
    <ClInclude Include="PlatformHelpers.h">
      <Filter>Engine\Header Files</Filter>
    </ClInclude>
    <ClInclude Include="Ball.h">
      <Filter>PinPong\Header Files</Filter>
    </ClInclude>
    <ClInclude Include="Strings.h">
      <Filter>PinPong\Header Files</Filter>
    </ClInclude>
  </ItemGroup>
  <ItemGroup>
    <None Include="ClassDiagram.cd" />
  </ItemGroup>
</Project>